<?xml version="1.0" encoding="utf-8"?>
<Project ToolsVersion="4.0" xmlns="http://schemas.microsoft.com/developer/msbuild/2003">
  <ItemGroup>
    <ClCompile Include="attendance_checker.cpp">
      <Filter>소스 파일</Filter>
    </ClCompile>
    <ClCompile Include="main.cpp">
      <Filter>소스 파일</Filter>
    </ClCompile>
    <ClCompile Include="unittest.cpp">
      <Filter>테스트 파일</Filter>
    </ClCompile>
    <ClCompile Include="$(MSBuildThisFileDirectory)..\..\lib\native\src\gtest\gtest-all.cc">
      <Filter>테스트 파일</Filter>
    </ClCompile>
    <ClCompile Include="$(MSBuildThisFileDirectory)..\..\lib\native\src\gmock\gmock-all.cc">
      <Filter>테스트 파일</Filter>
    </ClCompile>
  </ItemGroup>
  <ItemGroup>
    <None Include="packages.config" />
  </ItemGroup>
  <ItemGroup>
    <Filter Include="소스 파일">
      <UniqueIdentifier>{3f191eaf-5273-4a58-b7ac-c13c56d44817}</UniqueIdentifier>
    </Filter>
    <Filter Include="헤더 파일">
      <UniqueIdentifier>{5bd6d773-9079-4767-8b2f-7b69dc48c4e3}</UniqueIdentifier>
    </Filter>
    <Filter Include="테스트 파일">
      <UniqueIdentifier>{dc47ac28-bb58-4caf-83e6-904fb0ed9c9b}</UniqueIdentifier>
    </Filter>
    <Filter Include="리소스 파일">
      <UniqueIdentifier>{638c3c73-1d1e-4b35-b099-37104e48ffab}</UniqueIdentifier>
    </Filter>
  </ItemGroup>
  <ItemGroup>
    <ClInclude Include="attendance_checker.h">
      <Filter>헤더 파일</Filter>
    </ClInclude>
    <ClInclude Include="grade_assigner.h">
      <Filter>헤더 파일</Filter>
    </ClInclude>
  </ItemGroup>
  <ItemGroup>
    <Text Include="attendance_weekday_500.txt">
      <Filter>리소스 파일</Filter>
    </Text>
  </ItemGroup>
</Project>